// !$*UTF8*$!
{
	archiveVersion = 1;
	classes = {
	};
	objectVersion = 55;
	objects = {

/* Begin PBXBuildFile section */
		5E5A4D7C27FC2B8000437B2C /* AppDelegate.swift in Sources */ = {isa = PBXBuildFile; fileRef = 5E5A4D7B27FC2B8000437B2C /* AppDelegate.swift */; };
		5E5A4D7E27FC2B8000437B2C /* SceneDelegate.swift in Sources */ = {isa = PBXBuildFile; fileRef = 5E5A4D7D27FC2B8000437B2C /* SceneDelegate.swift */; };
		5E5A4D8527FC2B8200437B2C /* Assets.xcassets in Resources */ = {isa = PBXBuildFile; fileRef = 5E5A4D8427FC2B8200437B2C /* Assets.xcassets */; };
		5E5A4D8827FC2B8200437B2C /* LaunchScreen.storyboard in Resources */ = {isa = PBXBuildFile; fileRef = 5E5A4D8627FC2B8200437B2C /* LaunchScreen.storyboard */; };
		5E5A4D9027FC2BAD00437B2C /* MenuViewController.swift in Sources */ = {isa = PBXBuildFile; fileRef = 5E5A4D8F27FC2BAD00437B2C /* MenuViewController.swift */; };
		5E5A4D9327FC2F6E00437B2C /* AloeStackView in Frameworks */ = {isa = PBXBuildFile; productRef = 5E5A4D9227FC2F6E00437B2C /* AloeStackView */; };
		5E5A4D9627FC359000437B2C /* Movie.swift in Sources */ = {isa = PBXBuildFile; fileRef = 5E5A4D9527FC359000437B2C /* Movie.swift */; };
		5E5A4D9827FC398300437B2C /* Cover.swift in Sources */ = {isa = PBXBuildFile; fileRef = 5E5A4D9727FC398300437B2C /* Cover.swift */; };
		5E5A4D9C27FEBA7A00437B2C /* PlainViewController.swift in Sources */ = {isa = PBXBuildFile; fileRef = 5E5A4D9B27FEBA7A00437B2C /* PlainViewController.swift */; };
		5E5A4D9E27FEBB3400437B2C /* SubViewController.swift in Sources */ = {isa = PBXBuildFile; fileRef = 5E5A4D9D27FEBB3400437B2C /* SubViewController.swift */; };
/* End PBXBuildFile section */

/* Begin PBXFileReference section */
		5E5A4D7827FC2B8000437B2C /* CollectionViewDemo.app */ = {isa = PBXFileReference; explicitFileType = wrapper.application; includeInIndex = 0; path = CollectionViewDemo.app; sourceTree = BUILT_PRODUCTS_DIR; };
		5E5A4D7B27FC2B8000437B2C /* AppDelegate.swift */ = {isa = PBXFileReference; lastKnownFileType = sourcecode.swift; path = AppDelegate.swift; sourceTree = "<group>"; };
		5E5A4D7D27FC2B8000437B2C /* SceneDelegate.swift */ = {isa = PBXFileReference; lastKnownFileType = sourcecode.swift; path = SceneDelegate.swift; sourceTree = "<group>"; };
		5E5A4D8427FC2B8200437B2C /* Assets.xcassets */ = {isa = PBXFileReference; lastKnownFileType = folder.assetcatalog; path = Assets.xcassets; sourceTree = "<group>"; };
		5E5A4D8727FC2B8200437B2C /* Base */ = {isa = PBXFileReference; lastKnownFileType = file.storyboard; name = Base; path = Base.lproj/LaunchScreen.storyboard; sourceTree = "<group>"; };
		5E5A4D8927FC2B8200437B2C /* Info.plist */ = {isa = PBXFileReference; lastKnownFileType = text.plist.xml; path = Info.plist; sourceTree = "<group>"; };
		5E5A4D8F27FC2BAD00437B2C /* MenuViewController.swift */ = {isa = PBXFileReference; lastKnownFileType = sourcecode.swift; path = MenuViewController.swift; sourceTree = "<group>"; };
		5E5A4D9527FC359000437B2C /* Movie.swift */ = {isa = PBXFileReference; lastKnownFileType = sourcecode.swift; path = Movie.swift; sourceTree = "<group>"; };
		5E5A4D9727FC398300437B2C /* Cover.swift */ = {isa = PBXFileReference; lastKnownFileType = sourcecode.swift; path = Cover.swift; sourceTree = "<group>"; };
		5E5A4D9B27FEBA7A00437B2C /* PlainViewController.swift */ = {isa = PBXFileReference; lastKnownFileType = sourcecode.swift; path = PlainViewController.swift; sourceTree = "<group>"; };
		5E5A4D9D27FEBB3400437B2C /* SubViewController.swift */ = {isa = PBXFileReference; lastKnownFileType = sourcecode.swift; path = SubViewController.swift; sourceTree = "<group>"; };
/* End PBXFileReference section */

/* Begin PBXFrameworksBuildPhase section */
		5E5A4D7527FC2B8000437B2C /* Frameworks */ = {
			isa = PBXFrameworksBuildPhase;
			buildActionMask = 2147483647;
			files = (
				5E5A4D9327FC2F6E00437B2C /* AloeStackView in Frameworks */,
			);
			runOnlyForDeploymentPostprocessing = 0;
		};
/* End PBXFrameworksBuildPhase section */

/* Begin PBXGroup section */
		5E5A4D6F27FC2B8000437B2C = {
			isa = PBXGroup;
			children = (
				5E5A4D7A27FC2B8000437B2C /* CollectionViewDemo */,
				5E5A4D7927FC2B8000437B2C /* Products */,
			);
			sourceTree = "<group>";
		};
		5E5A4D7927FC2B8000437B2C /* Products */ = {
			isa = PBXGroup;
			children = (
				5E5A4D7827FC2B8000437B2C /* CollectionViewDemo.app */,
			);
			name = Products;
			sourceTree = "<group>";
		};
		5E5A4D7A27FC2B8000437B2C /* CollectionViewDemo */ = {
			isa = PBXGroup;
			children = (
				5E5A4D9427FC351D00437B2C /* Model */,
				5E5A4D7B27FC2B8000437B2C /* AppDelegate.swift */,
				5E5A4D7D27FC2B8000437B2C /* SceneDelegate.swift */,
				5E5A4D8F27FC2BAD00437B2C /* MenuViewController.swift */,
				5E5A4D9B27FEBA7A00437B2C /* PlainViewController.swift */,
				5E5A4D9D27FEBB3400437B2C /* SubViewController.swift */,
				5E5A4D8427FC2B8200437B2C /* Assets.xcassets */,
				5E5A4D8627FC2B8200437B2C /* LaunchScreen.storyboard */,
				5E5A4D8927FC2B8200437B2C /* Info.plist */,
			);
			path = CollectionViewDemo;
			sourceTree = "<group>";
		};
		5E5A4D9427FC351D00437B2C /* Model */ = {
			isa = PBXGroup;
			children = (
				5E5A4D9527FC359000437B2C /* Movie.swift */,
				5E5A4D9727FC398300437B2C /* Cover.swift */,
			);
			path = Model;
			sourceTree = "<group>";
		};
/* End PBXGroup section */

/* Begin PBXNativeTarget section */
		5E5A4D7727FC2B8000437B2C /* CollectionViewDemo */ = {
			isa = PBXNativeTarget;
			buildConfigurationList = 5E5A4D8C27FC2B8200437B2C /* Build configuration list for PBXNativeTarget "CollectionViewDemo" */;
			buildPhases = (
				5E5A4D7427FC2B8000437B2C /* Sources */,
				5E5A4D7527FC2B8000437B2C /* Frameworks */,
				5E5A4D7627FC2B8000437B2C /* Resources */,
			);
			buildRules = (
			);
			dependencies = (
			);
			name = CollectionViewDemo;
			packageProductDependencies = (
				5E5A4D9227FC2F6E00437B2C /* AloeStackView */,
			);
			productName = CollectionViewDemo;
			productReference = 5E5A4D7827FC2B8000437B2C /* CollectionViewDemo.app */;
			productType = "com.apple.product-type.application";
		};
/* End PBXNativeTarget section */

/* Begin PBXProject section */
		5E5A4D7027FC2B8000437B2C /* Project object */ = {
			isa = PBXProject;
			attributes = {
				BuildIndependentTargetsInParallel = 1;
				LastSwiftUpdateCheck = 1330;
				LastUpgradeCheck = 1330;
				TargetAttributes = {
					5E5A4D7727FC2B8000437B2C = {
						CreatedOnToolsVersion = 13.3;
					};
				};
			};
			buildConfigurationList = 5E5A4D7327FC2B8000437B2C /* Build configuration list for PBXProject "CollectionViewDemo" */;
			compatibilityVersion = "Xcode 13.0";
			developmentRegion = en;
			hasScannedForEncodings = 0;
			knownRegions = (
				en,
				Base,
			);
			mainGroup = 5E5A4D6F27FC2B8000437B2C;
			packageReferences = (
				5E5A4D9127FC2F6E00437B2C /* XCRemoteSwiftPackageReference "AloeStackView" */,
			);
			productRefGroup = 5E5A4D7927FC2B8000437B2C /* Products */;
			projectDirPath = "";
			projectRoot = "";
			targets = (
				5E5A4D7727FC2B8000437B2C /* CollectionViewDemo */,
			);
		};
/* End PBXProject section */

/* Begin PBXResourcesBuildPhase section */
		5E5A4D7627FC2B8000437B2C /* Resources */ = {
			isa = PBXResourcesBuildPhase;
			buildActionMask = 2147483647;
			files = (
				5E5A4D8827FC2B8200437B2C /* LaunchScreen.storyboard in Resources */,
				5E5A4D8527FC2B8200437B2C /* Assets.xcassets in Resources */,
			);
			runOnlyForDeploymentPostprocessing = 0;
		};
/* End PBXResourcesBuildPhase section */

/* Begin PBXSourcesBuildPhase section */
		5E5A4D7427FC2B8000437B2C /* Sources */ = {
			isa = PBXSourcesBuildPhase;
			buildActionMask = 2147483647;
			files = (
				5E5A4D9627FC359000437B2C /* Movie.swift in Sources */,
				5E5A4D7C27FC2B8000437B2C /* AppDelegate.swift in Sources */,
				5E5A4D9E27FEBB3400437B2C /* SubViewController.swift in Sources */,
				5E5A4D7E27FC2B8000437B2C /* SceneDelegate.swift in Sources */,
				5E5A4D9827FC398300437B2C /* Cover.swift in Sources */,
				5E5A4D9027FC2BAD00437B2C /* MenuViewController.swift in Sources */,
				5E5A4D9C27FEBA7A00437B2C /* PlainViewController.swift in Sources */,
			);
			runOnlyForDeploymentPostprocessing = 0;
		};
/* End PBXSourcesBuildPhase section */

/* Begin PBXVariantGroup section */
		5E5A4D8627FC2B8200437B2C /* LaunchScreen.storyboard */ = {
			isa = PBXVariantGroup;
			children = (
				5E5A4D8727FC2B8200437B2C /* Base */,
			);
			name = LaunchScreen.storyboard;
			sourceTree = "<group>";
		};
/* End PBXVariantGroup section */

/* Begin XCBuildConfiguration section */
		5E5A4D8A27FC2B8200437B2C /* Debug */ = {
			isa = XCBuildConfiguration;
			buildSettings = {
				ALWAYS_SEARCH_USER_PATHS = NO;
				CLANG_ANALYZER_NONNULL = YES;
				CLANG_ANALYZER_NUMBER_OBJECT_CONVERSION = YES_AGGRESSIVE;
				CLANG_CXX_LANGUAGE_STANDARD = "gnu++17";
				CLANG_ENABLE_MODULES = YES;
				CLANG_ENABLE_OBJC_ARC = YES;
				CLANG_ENABLE_OBJC_WEAK = YES;
				CLANG_WARN_BLOCK_CAPTURE_AUTORELEASING = YES;
				CLANG_WARN_BOOL_CONVERSION = YES;
				CLANG_WARN_COMMA = YES;
				CLANG_WARN_CONSTANT_CONVERSION = YES;
				CLANG_WARN_DEPRECATED_OBJC_IMPLEMENTATIONS = YES;
				CLANG_WARN_DIRECT_OBJC_ISA_USAGE = YES_ERROR;
				CLANG_WARN_DOCUMENTATION_COMMENTS = YES;
				CLANG_WARN_EMPTY_BODY = YES;
				CLANG_WARN_ENUM_CONVERSION = YES;
				CLANG_WARN_INFINITE_RECURSION = YES;
				CLANG_WARN_INT_CONVERSION = YES;
				CLANG_WARN_NON_LITERAL_NULL_CONVERSION = YES;
				CLANG_WARN_OBJC_IMPLICIT_RETAIN_SELF = YES;
				CLANG_WARN_OBJC_LITERAL_CONVERSION = YES;
				CLANG_WARN_OBJC_ROOT_CLASS = YES_ERROR;
				CLANG_WARN_QUOTED_INCLUDE_IN_FRAMEWORK_HEADER = YES;
				CLANG_WARN_RANGE_LOOP_ANALYSIS = YES;
				CLANG_WARN_STRICT_PROTOTYPES = YES;
				CLANG_WARN_SUSPICIOUS_MOVE = YES;
				CLANG_WARN_UNGUARDED_AVAILABILITY = YES_AGGRESSIVE;
				CLANG_WARN_UNREACHABLE_CODE = YES;
				CLANG_WARN__DUPLICATE_METHOD_MATCH = YES;
				COPY_PHASE_STRIP = NO;
				DEBUG_INFORMATION_FORMAT = dwarf;
				ENABLE_STRICT_OBJC_MSGSEND = YES;
				ENABLE_TESTABILITY = YES;
				GCC_C_LANGUAGE_STANDARD = gnu11;
				GCC_DYNAMIC_NO_PIC = NO;
				GCC_NO_COMMON_BLOCKS = YES;
				GCC_OPTIMIZATION_LEVEL = 0;
				GCC_PREPROCESSOR_DEFINITIONS = (
					"DEBUG=1",
					"$(inherited)",
				);
				GCC_WARN_64_TO_32_BIT_CONVERSION = YES;
				GCC_WARN_ABOUT_RETURN_TYPE = YES_ERROR;
				GCC_WARN_UNDECLARED_SELECTOR = YES;
				GCC_WARN_UNINITIALIZED_AUTOS = YES_AGGRESSIVE;
				GCC_WARN_UNUSED_FUNCTION = YES;
				GCC_WARN_UNUSED_VARIABLE = YES;
				IPHONEOS_DEPLOYMENT_TARGET = 15.4;
				MTL_ENABLE_DEBUG_INFO = INCLUDE_SOURCE;
				MTL_FAST_MATH = YES;
				ONLY_ACTIVE_ARCH = YES;
				SDKROOT = iphoneos;
				SWIFT_ACTIVE_COMPILATION_CONDITIONS = DEBUG;
				SWIFT_OPTIMIZATION_LEVEL = "-Onone";
			};
			name = Debug;
		};
		5E5A4D8B27FC2B8200437B2C /* Release */ = {
			isa = XCBuildConfiguration;
			buildSettings = {
				ALWAYS_SEARCH_USER_PATHS = NO;
				CLANG_ANALYZER_NONNULL = YES;
				CLANG_ANALYZER_NUMBER_OBJECT_CONVERSION = YES_AGGRESSIVE;
				CLANG_CXX_LANGUAGE_STANDARD = "gnu++17";
				CLANG_ENABLE_MODULES = YES;
				CLANG_ENABLE_OBJC_ARC = YES;
				CLANG_ENABLE_OBJC_WEAK = YES;
				CLANG_WARN_BLOCK_CAPTURE_AUTORELEASING = YES;
				CLANG_WARN_BOOL_CONVERSION = YES;
				CLANG_WARN_COMMA = YES;
				CLANG_WARN_CONSTANT_CONVERSION = YES;
				CLANG_WARN_DEPRECATED_OBJC_IMPLEMENTATIONS = YES;
				CLANG_WARN_DIRECT_OBJC_ISA_USAGE = YES_ERROR;
				CLANG_WARN_DOCUMENTATION_COMMENTS = YES;
				CLANG_WARN_EMPTY_BODY = YES;
				CLANG_WARN_ENUM_CONVERSION = YES;
				CLANG_WARN_INFINITE_RECURSION = YES;
				CLANG_WARN_INT_CONVERSION = YES;
				CLANG_WARN_NON_LITERAL_NULL_CONVERSION = YES;
				CLANG_WARN_OBJC_IMPLICIT_RETAIN_SELF = YES;
				CLANG_WARN_OBJC_LITERAL_CONVERSION = YES;
				CLANG_WARN_OBJC_ROOT_CLASS = YES_ERROR;
				CLANG_WARN_QUOTED_INCLUDE_IN_FRAMEWORK_HEADER = YES;
				CLANG_WARN_RANGE_LOOP_ANALYSIS = YES;
				CLANG_WARN_STRICT_PROTOTYPES = YES;
				CLANG_WARN_SUSPICIOUS_MOVE = YES;
				CLANG_WARN_UNGUARDED_AVAILABILITY = YES_AGGRESSIVE;
				CLANG_WARN_UNREACHABLE_CODE = YES;
				CLANG_WARN__DUPLICATE_METHOD_MATCH = YES;
				COPY_PHASE_STRIP = NO;
				DEBUG_INFORMATION_FORMAT = "dwarf-with-dsym";
				ENABLE_NS_ASSERTIONS = NO;
				ENABLE_STRICT_OBJC_MSGSEND = YES;
				GCC_C_LANGUAGE_STANDARD = gnu11;
				GCC_NO_COMMON_BLOCKS = YES;
				GCC_WARN_64_TO_32_BIT_CONVERSION = YES;
				GCC_WARN_ABOUT_RETURN_TYPE = YES_ERROR;
				GCC_WARN_UNDECLARED_SELECTOR = YES;
				GCC_WARN_UNINITIALIZED_AUTOS = YES_AGGRESSIVE;
				GCC_WARN_UNUSED_FUNCTION = YES;
				GCC_WARN_UNUSED_VARIABLE = YES;
				IPHONEOS_DEPLOYMENT_TARGET = 15.4;
				MTL_ENABLE_DEBUG_INFO = NO;
				MTL_FAST_MATH = YES;
				SDKROOT = iphoneos;
				SWIFT_COMPILATION_MODE = wholemodule;
				SWIFT_OPTIMIZATION_LEVEL = "-O";
				VALIDATE_PRODUCT = YES;
			};
			name = Release;
		};
		5E5A4D8D27FC2B8200437B2C /* Debug */ = {
			isa = XCBuildConfiguration;
			buildSettings = {
				ASSETCATALOG_COMPILER_APPICON_NAME = AppIcon;
				ASSETCATALOG_COMPILER_GLOBAL_ACCENT_COLOR_NAME = AccentColor;
				CODE_SIGN_STYLE = Automatic;
				CURRENT_PROJECT_VERSION = 1;
				DEVELOPMENT_TEAM = LGVM9RAH4N;
				GENERATE_INFOPLIST_FILE = YES;
				INFOPLIST_FILE = CollectionViewDemo/Info.plist;
				INFOPLIST_KEY_UIApplicationSupportsIndirectInputEvents = YES;
				INFOPLIST_KEY_UILaunchStoryboardName = LaunchScreen;
				INFOPLIST_KEY_UISupportedInterfaceOrientations = UIInterfaceOrientationPortraitUpsideDown;
				INFOPLIST_KEY_UISupportedInterfaceOrientations_iPad = "UIInterfaceOrientationPortrait UIInterfaceOrientationPortraitUpsideDown UIInterfaceOrientationLandscapeLeft UIInterfaceOrientationLandscapeRight";
				INFOPLIST_KEY_UISupportedInterfaceOrientations_iPhone = "UIInterfaceOrientationPortrait UIInterfaceOrientationLandscapeLeft UIInterfaceOrientationLandscapeRight";
				LD_RUNPATH_SEARCH_PATHS = (
					"$(inherited)",
					"@executable_path/Frameworks",
				);
				MARKETING_VERSION = 1.0;
				PRODUCT_BUNDLE_IDENTIFIER = com.sergeylukaschuk.CollectionViewDemo;
				PRODUCT_NAME = "$(TARGET_NAME)";
				SWIFT_EMIT_LOC_STRINGS = YES;
				SWIFT_VERSION = 5.0;
				TARGETED_DEVICE_FAMILY = "1,2";
			};
			name = Debug;
		};
		5E5A4D8E27FC2B8200437B2C /* Release */ = {
			isa = XCBuildConfiguration;
			buildSettings = {
				ASSETCATALOG_COMPILER_APPICON_NAME = AppIcon;
				ASSETCATALOG_COMPILER_GLOBAL_ACCENT_COLOR_NAME = AccentColor;
				CODE_SIGN_STYLE = Automatic;
				CURRENT_PROJECT_VERSION = 1;
				DEVELOPMENT_TEAM = LGVM9RAH4N;
				GENERATE_INFOPLIST_FILE = YES;
				INFOPLIST_FILE = CollectionViewDemo/Info.plist;
				INFOPLIST_KEY_UIApplicationSupportsIndirectInputEvents = YES;
				INFOPLIST_KEY_UILaunchStoryboardName = LaunchScreen;
				INFOPLIST_KEY_UISupportedInterfaceOrientations = UIInterfaceOrientationPortraitUpsideDown;
				INFOPLIST_KEY_UISupportedInterfaceOrientations_iPad = "UIInterfaceOrientationPortrait UIInterfaceOrientationPortraitUpsideDown UIInterfaceOrientationLandscapeLeft UIInterfaceOrientationLandscapeRight";
				INFOPLIST_KEY_UISupportedInterfaceOrientations_iPhone = "UIInterfaceOrientationPortrait UIInterfaceOrientationLandscapeLeft UIInterfaceOrientationLandscapeRight";
				LD_RUNPATH_SEARCH_PATHS = (
					"$(inherited)",
					"@executable_path/Frameworks",
				);
				MARKETING_VERSION = 1.0;
				PRODUCT_BUNDLE_IDENTIFIER = com.sergeylukaschuk.CollectionViewDemo;
				PRODUCT_NAME = "$(TARGET_NAME)";
				SWIFT_EMIT_LOC_STRINGS = YES;
				SWIFT_VERSION = 5.0;
				TARGETED_DEVICE_FAMILY = "1,2";
			};
			name = Release;
		};
/* End XCBuildConfiguration section */

/* Begin XCConfigurationList section */
		5E5A4D7327FC2B8000437B2C /* Build configuration list for PBXProject "CollectionViewDemo" */ = {
			isa = XCConfigurationList;
			buildConfigurations = (
				5E5A4D8A27FC2B8200437B2C /* Debug */,
				5E5A4D8B27FC2B8200437B2C /* Release */,
			);
			defaultConfigurationIsVisible = 0;
			defaultConfigurationName = Release;
		};
		5E5A4D8C27FC2B8200437B2C /* Build configuration list for PBXNativeTarget "CollectionViewDemo" */ = {
			isa = XCConfigurationList;
			buildConfigurations = (
				5E5A4D8D27FC2B8200437B2C /* Debug */,
				5E5A4D8E27FC2B8200437B2C /* Release */,
			);
			defaultConfigurationIsVisible = 0;
			defaultConfigurationName = Release;
		};
/* End XCConfigurationList section */

/* Begin XCRemoteSwiftPackageReference section */
		5E5A4D9127FC2F6E00437B2C /* XCRemoteSwiftPackageReference "AloeStackView" */ = {
			isa = XCRemoteSwiftPackageReference;
			repositoryURL = "https://github.com/marlimox/AloeStackView";
			requirement = {
				branch = master;
				kind = branch;
			};
		};
/* End XCRemoteSwiftPackageReference section */

/* Begin XCSwiftPackageProductDependency section */
		5E5A4D9227FC2F6E00437B2C /* AloeStackView */ = {
			isa = XCSwiftPackageProductDependency;
			package = 5E5A4D9127FC2F6E00437B2C /* XCRemoteSwiftPackageReference "AloeStackView" */;
			productName = AloeStackView;
		};
/* End XCSwiftPackageProductDependency section */
	};
	rootObject = 5E5A4D7027FC2B8000437B2C /* Project object */;
}
